{
  "originHash" : "2993f9b0f27e0996ffa6e885d3604a8e0edd239b84208915107205327bd0f1a4",
  "pins" : [
    {
      "identity" : "linknavigator",
      "kind" : "remoteSourceControl",
      "location" : "https://github.com/forXifLess/LinkNavigator",
      "state" : {
        "revision" : "7abd29e1634ac2d8cd0431856df485993e9a85b8",
        "version" : "1.4.2"
      }
    },
    {
      "identity" : "urlencodedform",
      "kind" : "remoteSourceControl",
      "location" : "https://github.com/interactord/URLEncodedForm",
      "state" : {
        "revision" : "cd690e95f0df333293ec3f9fa9c2c7322ef54bbf",
        "version" : "1.0.9"
      }
    }
  ],
  "version" : 3
}
