// !$*UTF8*$!
{
	archiveVersion = 1;
	classes = {
	};
	objectVersion = 77;
	objects = {

/* Begin PBXBuildFile section */
		DF19D70B2F797CB10057E916 /* LinkNavigator in Frameworks */ = {isa = PBXBuildFile; productRef = DF19D70A2F797CB10057E916 /* LinkNavigator */; };
		DF364EC62F79510D00E04CC9 /* TurboNavigator in Frameworks */ = {isa = PBXBuildFile; productRef = DF364EC52F79510D00E04CC9 /* TurboNavigator */; };
/* End PBXBuildFile section */

/* Begin PBXContainerItemProxy section */
		DF364EA82F7950F800E04CC9 /* PBXContainerItemProxy */ = {
			isa = PBXContainerItemProxy;
			containerPortal = DF364E922F7950F700E04CC9 /* Project object */;
			proxyType = 1;
			remoteGlobalIDString = DF364E992F7950F700E04CC9;
			remoteInfo = TurboNavigatorDemo;
		};
		DF364EB22F7950F800E04CC9 /* PBXContainerItemProxy */ = {
			isa = PBXContainerItemProxy;
			containerPortal = DF364E922F7950F700E04CC9 /* Project object */;
			proxyType = 1;
			remoteGlobalIDString = DF364E992F7950F700E04CC9;
			remoteInfo = TurboNavigatorDemo;
		};
/* End PBXContainerItemProxy section */

/* Begin PBXFileReference section */
		DF364E9A2F7950F700E04CC9 /* TurboNavigatorDemo.app */ = {isa = PBXFileReference; explicitFileType = wrapper.application; includeInIndex = 0; path = TurboNavigatorDemo.app; sourceTree = BUILT_PRODUCTS_DIR; };
		DF364EA72F7950F800E04CC9 /* TurboNavigatorDemoTests.xctest */ = {isa = PBXFileReference; explicitFileType = wrapper.cfbundle; includeInIndex = 0; path = TurboNavigatorDemoTests.xctest; sourceTree = BUILT_PRODUCTS_DIR; };
		DF364EB12F7950F800E04CC9 /* TurboNavigatorDemoUITests.xctest */ = {isa = PBXFileReference; explicitFileType = wrapper.cfbundle; includeInIndex = 0; path = TurboNavigatorDemoUITests.xctest; sourceTree = BUILT_PRODUCTS_DIR; };
/* End PBXFileReference section */

/* Begin PBXFileSystemSynchronizedRootGroup section */
		DF364E9C2F7950F700E04CC9 /* TurboNavigatorDemo */ = {
			isa = PBXFileSystemSynchronizedRootGroup;
			path = TurboNavigatorDemo;
			sourceTree = "<group>";
		};
		DF364EAA2F7950F800E04CC9 /* TurboNavigatorDemoTests */ = {
			isa = PBXFileSystemSynchronizedRootGroup;
			path = TurboNavigatorDemoTests;
			sourceTree = "<group>";
		};
		DF364EB42F7950F800E04CC9 /* TurboNavigatorDemoUITests */ = {
			isa = PBXFileSystemSynchronizedRootGroup;
			path = TurboNavigatorDemoUITests;
			sourceTree = "<group>";
		};
/* End PBXFileSystemSynchronizedRootGroup section */

/* Begin PBXFrameworksBuildPhase section */
		DF364E972F7950F700E04CC9 /* Frameworks */ = {
			isa = PBXFrameworksBuildPhase;
			buildActionMask = 2147483647;
			files = (
				DF19D70B2F797CB10057E916 /* LinkNavigator in Frameworks */,
				DF364EC62F79510D00E04CC9 /* TurboNavigator in Frameworks */,
			);
			runOnlyForDeploymentPostprocessing = 0;
		};
		DF364EA42F7950F800E04CC9 /* Frameworks */ = {
			isa = PBXFrameworksBuildPhase;
			buildActionMask = 2147483647;
			files = (
			);
			runOnlyForDeploymentPostprocessing = 0;
		};
		DF364EAE2F7950F800E04CC9 /* Frameworks */ = {
			isa = PBXFrameworksBuildPhase;
			buildActionMask = 2147483647;
			files = (
			);
			runOnlyForDeploymentPostprocessing = 0;
		};
/* End PBXFrameworksBuildPhase section */

/* Begin PBXGroup section */
		DF364E912F7950F700E04CC9 = {
			isa = PBXGroup;
			children = (
				DF364E9C2F7950F700E04CC9 /* TurboNavigatorDemo */,
				DF364EAA2F7950F800E04CC9 /* TurboNavigatorDemoTests */,
				DF364EB42F7950F800E04CC9 /* TurboNavigatorDemoUITests */,
				DF364E9B2F7950F700E04CC9 /* Products */,
			);
			sourceTree = "<group>";
		};
		DF364E9B2F7950F700E04CC9 /* Products */ = {
			isa = PBXGroup;
			children = (
				DF364E9A2F7950F700E04CC9 /* TurboNavigatorDemo.app */,
				DF364EA72F7950F800E04CC9 /* TurboNavigatorDemoTests.xctest */,
				DF364EB12F7950F800E04CC9 /* TurboNavigatorDemoUITests.xctest */,
			);
			name = Products;
			sourceTree = "<group>";
		};
/* End PBXGroup section */

/* Begin PBXNativeTarget section */
		DF364E992F7950F700E04CC9 /* TurboNavigatorDemo */ = {
			isa = PBXNativeTarget;
			buildConfigurationList = DF364EBB2F7950F800E04CC9 /* Build configuration list for PBXNativeTarget "TurboNavigatorDemo" */;
			buildPhases = (
				DF364E962F7950F700E04CC9 /* Sources */,
				DF364E972F7950F700E04CC9 /* Frameworks */,
				DF364E982F7950F700E04CC9 /* Resources */,
			);
			buildRules = (
			);
			dependencies = (
			);
			fileSystemSynchronizedGroups = (
				DF364E9C2F7950F700E04CC9 /* TurboNavigatorDemo */,
			);
			name = TurboNavigatorDemo;
			packageProductDependencies = (
				DF364EC52F79510D00E04CC9 /* TurboNavigator */,
				DF19D70A2F797CB10057E916 /* LinkNavigator */,
			);
			productName = TurboNavigatorDemo;
			productReference = DF364E9A2F7950F700E04CC9 /* TurboNavigatorDemo.app */;
			productType = "com.apple.product-type.application";
		};
		DF364EA62F7950F800E04CC9 /* TurboNavigatorDemoTests */ = {
			isa = PBXNativeTarget;
			buildConfigurationList = DF364EBE2F7950F800E04CC9 /* Build configuration list for PBXNativeTarget "TurboNavigatorDemoTests" */;
			buildPhases = (
				DF364EA32F7950F800E04CC9 /* Sources */,
				DF364EA42F7950F800E04CC9 /* Frameworks */,
				DF364EA52F7950F800E04CC9 /* Resources */,
			);
			buildRules = (
			);
			dependencies = (
				DF364EA92F7950F800E04CC9 /* PBXTargetDependency */,
			);
			fileSystemSynchronizedGroups = (
				DF364EAA2F7950F800E04CC9 /* TurboNavigatorDemoTests */,
			);
			name = TurboNavigatorDemoTests;
			packageProductDependencies = (
			);
			productName = TurboNavigatorDemoTests;
			productReference = DF364EA72F7950F800E04CC9 /* TurboNavigatorDemoTests.xctest */;
			productType = "com.apple.product-type.bundle.unit-test";
		};
		DF364EB02F7950F800E04CC9 /* TurboNavigatorDemoUITests */ = {
			isa = PBXNativeTarget;
			buildConfigurationList = DF364EC12F7950F800E04CC9 /* Build configuration list for PBXNativeTarget "TurboNavigatorDemoUITests" */;
			buildPhases = (
				DF364EAD2F7950F800E04CC9 /* Sources */,
				DF364EAE2F7950F800E04CC9 /* Frameworks */,
				DF364EAF2F7950F800E04CC9 /* Resources */,
			);
			buildRules = (
			);
			dependencies = (
				DF364EB32F7950F800E04CC9 /* PBXTargetDependency */,
			);
			fileSystemSynchronizedGroups = (
				DF364EB42F7950F800E04CC9 /* TurboNavigatorDemoUITests */,
			);
			name = TurboNavigatorDemoUITests;
			packageProductDependencies = (
			);
			productName = TurboNavigatorDemoUITests;
			productReference = DF364EB12F7950F800E04CC9 /* TurboNavigatorDemoUITests.xctest */;
			productType = "com.apple.product-type.bundle.ui-testing";
		};
/* End PBXNativeTarget section */

/* Begin PBXProject section */
		DF364E922F7950F700E04CC9 /* Project object */ = {
			isa = PBXProject;
			attributes = {
				BuildIndependentTargetsInParallel = 1;
				LastSwiftUpdateCheck = 1640;
				LastUpgradeCheck = 1640;
				TargetAttributes = {
					DF364E992F7950F700E04CC9 = {
						CreatedOnToolsVersion = 16.4;
					};
					DF364EA62F7950F800E04CC9 = {
						CreatedOnToolsVersion = 16.4;
						TestTargetID = DF364E992F7950F700E04CC9;
					};
					DF364EB02F7950F800E04CC9 = {
						CreatedOnToolsVersion = 16.4;
						TestTargetID = DF364E992F7950F700E04CC9;
					};
				};
			};
			buildConfigurationList = DF364E952F7950F700E04CC9 /* Build configuration list for PBXProject "TurboNavigatorDemo" */;
			developmentRegion = en;
			hasScannedForEncodings = 0;
			knownRegions = (
				en,
				Base,
			);
			mainGroup = DF364E912F7950F700E04CC9;
			minimizedProjectReferenceProxies = 1;
			packageReferences = (
				DF364EC42F79510D00E04CC9 /* XCLocalSwiftPackageReference "../../../TurboNavigator" */,
				DF19D7092F797CB10057E916 /* XCRemoteSwiftPackageReference "LinkNavigator" */,
			);
			preferredProjectObjectVersion = 77;
			productRefGroup = DF364E9B2F7950F700E04CC9 /* Products */;
			projectDirPath = "";
			projectRoot = "";
			targets = (
				DF364E992F7950F700E04CC9 /* TurboNavigatorDemo */,
				DF364EA62F7950F800E04CC9 /* TurboNavigatorDemoTests */,
				DF364EB02F7950F800E04CC9 /* TurboNavigatorDemoUITests */,
			);
		};
/* End PBXProject section */

/* Begin PBXResourcesBuildPhase section */
		DF364E982F7950F700E04CC9 /* Resources */ = {
			isa = PBXResourcesBuildPhase;
			buildActionMask = 2147483647;
			files = (
			);
			runOnlyForDeploymentPostprocessing = 0;
		};
		DF364EA52F7950F800E04CC9 /* Resources */ = {
			isa = PBXResourcesBuildPhase;
			buildActionMask = 2147483647;
			files = (
			);
			runOnlyForDeploymentPostprocessing = 0;
		};
		DF364EAF2F7950F800E04CC9 /* Resources */ = {
			isa = PBXResourcesBuildPhase;
			buildActionMask = 2147483647;
			files = (
			);
			runOnlyForDeploymentPostprocessing = 0;
		};
/* End PBXResourcesBuildPhase section */

/* Begin PBXSourcesBuildPhase section */
		DF364E962F7950F700E04CC9 /* Sources */ = {
			isa = PBXSourcesBuildPhase;
			buildActionMask = 2147483647;
			files = (
			);
			runOnlyForDeploymentPostprocessing = 0;
		};
		DF364EA32F7950F800E04CC9 /* Sources */ = {
			isa = PBXSourcesBuildPhase;
			buildActionMask = 2147483647;
			files = (
			);
			runOnlyForDeploymentPostprocessing = 0;
		};
		DF364EAD2F7950F800E04CC9 /* Sources */ = {
			isa = PBXSourcesBuildPhase;
			buildActionMask = 2147483647;
			files = (
			);
			runOnlyForDeploymentPostprocessing = 0;
		};
/* End PBXSourcesBuildPhase section */

/* Begin PBXTargetDependency section */
		DF364EA92F7950F800E04CC9 /* PBXTargetDependency */ = {
			isa = PBXTargetDependency;
			target = DF364E992F7950F700E04CC9 /* TurboNavigatorDemo */;
			targetProxy = DF364EA82F7950F800E04CC9 /* PBXContainerItemProxy */;
		};
		DF364EB32F7950F800E04CC9 /* PBXTargetDependency */ = {
			isa = PBXTargetDependency;
			target = DF364E992F7950F700E04CC9 /* TurboNavigatorDemo */;
			targetProxy = DF364EB22F7950F800E04CC9 /* PBXContainerItemProxy */;
		};
/* End PBXTargetDependency section */

/* Begin XCBuildConfiguration section */
		DF364EB92F7950F800E04CC9 /* Debug */ = {
			isa = XCBuildConfiguration;
			buildSettings = {
				ALWAYS_SEARCH_USER_PATHS = NO;
				ASSETCATALOG_COMPILER_GENERATE_SWIFT_ASSET_SYMBOL_EXTENSIONS = YES;
				CLANG_ANALYZER_NONNULL = YES;
				CLANG_ANALYZER_NUMBER_OBJECT_CONVERSION = YES_AGGRESSIVE;
				CLANG_CXX_LANGUAGE_STANDARD = "gnu++20";
				CLANG_ENABLE_MODULES = YES;
				CLANG_ENABLE_OBJC_ARC = YES;
				CLANG_ENABLE_OBJC_WEAK = YES;
				CLANG_WARN_BLOCK_CAPTURE_AUTORELEASING = YES;
				CLANG_WARN_BOOL_CONVERSION = YES;
				CLANG_WARN_COMMA = YES;
				CLANG_WARN_CONSTANT_CONVERSION = YES;
				CLANG_WARN_DEPRECATED_OBJC_IMPLEMENTATIONS = YES;
				CLANG_WARN_DIRECT_OBJC_ISA_USAGE = YES_ERROR;
				CLANG_WARN_DOCUMENTATION_COMMENTS = YES;
				CLANG_WARN_EMPTY_BODY = YES;
				CLANG_WARN_ENUM_CONVERSION = YES;
				CLANG_WARN_INFINITE_RECURSION = YES;
				CLANG_WARN_INT_CONVERSION = YES;
				CLANG_WARN_NON_LITERAL_NULL_CONVERSION = YES;
				CLANG_WARN_OBJC_IMPLICIT_RETAIN_SELF = YES;
				CLANG_WARN_OBJC_LITERAL_CONVERSION = YES;
				CLANG_WARN_OBJC_ROOT_CLASS = YES_ERROR;
				CLANG_WARN_QUOTED_INCLUDE_IN_FRAMEWORK_HEADER = YES;
				CLANG_WARN_RANGE_LOOP_ANALYSIS = YES;
				CLANG_WARN_STRICT_PROTOTYPES = YES;
				CLANG_WARN_SUSPICIOUS_MOVE = YES;
				CLANG_WARN_UNGUARDED_AVAILABILITY = YES_AGGRESSIVE;
				CLANG_WARN_UNREACHABLE_CODE = YES;
				CLANG_WARN__DUPLICATE_METHOD_MATCH = YES;
				COPY_PHASE_STRIP = NO;
				DEBUG_INFORMATION_FORMAT = dwarf;
				DEVELOPMENT_TEAM = LGX4B4WC66;
				ENABLE_STRICT_OBJC_MSGSEND = YES;
				ENABLE_TESTABILITY = YES;
				ENABLE_USER_SCRIPT_SANDBOXING = YES;
				GCC_C_LANGUAGE_STANDARD = gnu17;
				GCC_DYNAMIC_NO_PIC = NO;
				GCC_NO_COMMON_BLOCKS = YES;
				GCC_OPTIMIZATION_LEVEL = 0;
				GCC_PREPROCESSOR_DEFINITIONS = (
					"DEBUG=1",
					"$(inherited)",
				);
				GCC_WARN_64_TO_32_BIT_CONVERSION = YES;
				GCC_WARN_ABOUT_RETURN_TYPE = YES_ERROR;
				GCC_WARN_UNDECLARED_SELECTOR = YES;
				GCC_WARN_UNINITIALIZED_AUTOS = YES_AGGRESSIVE;
				GCC_WARN_UNUSED_FUNCTION = YES;
				GCC_WARN_UNUSED_VARIABLE = YES;
				IPHONEOS_DEPLOYMENT_TARGET = 18.5;
				LOCALIZATION_PREFERS_STRING_CATALOGS = YES;
				MTL_ENABLE_DEBUG_INFO = INCLUDE_SOURCE;
				MTL_FAST_MATH = YES;
				ONLY_ACTIVE_ARCH = YES;
				SDKROOT = iphoneos;
				SWIFT_ACTIVE_COMPILATION_CONDITIONS = "DEBUG $(inherited)";
				SWIFT_OPTIMIZATION_LEVEL = "-Onone";
			};
			name = Debug;
		};
		DF364EBA2F7950F800E04CC9 /* Release */ = {
			isa = XCBuildConfiguration;
			buildSettings = {
				ALWAYS_SEARCH_USER_PATHS = NO;
				ASSETCATALOG_COMPILER_GENERATE_SWIFT_ASSET_SYMBOL_EXTENSIONS = YES;
				CLANG_ANALYZER_NONNULL = YES;
				CLANG_ANALYZER_NUMBER_OBJECT_CONVERSION = YES_AGGRESSIVE;
				CLANG_CXX_LANGUAGE_STANDARD = "gnu++20";
				CLANG_ENABLE_MODULES = YES;
				CLANG_ENABLE_OBJC_ARC = YES;
				CLANG_ENABLE_OBJC_WEAK = YES;
				CLANG_WARN_BLOCK_CAPTURE_AUTORELEASING = YES;
				CLANG_WARN_BOOL_CONVERSION = YES;
				CLANG_WARN_COMMA = YES;
				CLANG_WARN_CONSTANT_CONVERSION = YES;
				CLANG_WARN_DEPRECATED_OBJC_IMPLEMENTATIONS = YES;
				CLANG_WARN_DIRECT_OBJC_ISA_USAGE = YES_ERROR;
				CLANG_WARN_DOCUMENTATION_COMMENTS = YES;
				CLANG_WARN_EMPTY_BODY = YES;
				CLANG_WARN_ENUM_CONVERSION = YES;
				CLANG_WARN_INFINITE_RECURSION = YES;
				CLANG_WARN_INT_CONVERSION = YES;
				CLANG_WARN_NON_LITERAL_NULL_CONVERSION = YES;
				CLANG_WARN_OBJC_IMPLICIT_RETAIN_SELF = YES;
				CLANG_WARN_OBJC_LITERAL_CONVERSION = YES;
				CLANG_WARN_OBJC_ROOT_CLASS = YES_ERROR;
				CLANG_WARN_QUOTED_INCLUDE_IN_FRAMEWORK_HEADER = YES;
				CLANG_WARN_RANGE_LOOP_ANALYSIS = YES;
				CLANG_WARN_STRICT_PROTOTYPES = YES;
				CLANG_WARN_SUSPICIOUS_MOVE = YES;
				CLANG_WARN_UNGUARDED_AVAILABILITY = YES_AGGRESSIVE;
				CLANG_WARN_UNREACHABLE_CODE = YES;
				CLANG_WARN__DUPLICATE_METHOD_MATCH = YES;
				COPY_PHASE_STRIP = NO;
				DEBUG_INFORMATION_FORMAT = "dwarf-with-dsym";
				DEVELOPMENT_TEAM = LGX4B4WC66;
				ENABLE_NS_ASSERTIONS = NO;
				ENABLE_STRICT_OBJC_MSGSEND = YES;
				ENABLE_USER_SCRIPT_SANDBOXING = YES;
				GCC_C_LANGUAGE_STANDARD = gnu17;
				GCC_NO_COMMON_BLOCKS = YES;
				GCC_WARN_64_TO_32_BIT_CONVERSION = YES;
				GCC_WARN_ABOUT_RETURN_TYPE = YES_ERROR;
				GCC_WARN_UNDECLARED_SELECTOR = YES;
				GCC_WARN_UNINITIALIZED_AUTOS = YES_AGGRESSIVE;
				GCC_WARN_UNUSED_FUNCTION = YES;
				GCC_WARN_UNUSED_VARIABLE = YES;
				IPHONEOS_DEPLOYMENT_TARGET = 18.5;
				LOCALIZATION_PREFERS_STRING_CATALOGS = YES;
				MTL_ENABLE_DEBUG_INFO = NO;
				MTL_FAST_MATH = YES;
				SDKROOT = iphoneos;
				SWIFT_COMPILATION_MODE = wholemodule;
				VALIDATE_PRODUCT = YES;
			};
			name = Release;
		};
		DF364EBC2F7950F800E04CC9 /* Debug */ = {
			isa = XCBuildConfiguration;
			buildSettings = {
				ASSETCATALOG_COMPILER_APPICON_NAME = AppIcon;
				ASSETCATALOG_COMPILER_GLOBAL_ACCENT_COLOR_NAME = AccentColor;
				CODE_SIGN_STYLE = Automatic;
				CURRENT_PROJECT_VERSION = 1;
				DEVELOPMENT_TEAM = LGX4B4WC66;
				ENABLE_PREVIEWS = YES;
				GENERATE_INFOPLIST_FILE = YES;
				INFOPLIST_KEY_UIApplicationSceneManifest_Generation = YES;
				INFOPLIST_KEY_UIApplicationSupportsIndirectInputEvents = YES;
				INFOPLIST_KEY_UILaunchScreen_Generation = YES;
				INFOPLIST_KEY_UISupportedInterfaceOrientations_iPad = "UIInterfaceOrientationPortrait UIInterfaceOrientationPortraitUpsideDown UIInterfaceOrientationLandscapeLeft UIInterfaceOrientationLandscapeRight";
				INFOPLIST_KEY_UISupportedInterfaceOrientations_iPhone = "UIInterfaceOrientationPortrait UIInterfaceOrientationLandscapeLeft UIInterfaceOrientationLandscapeRight";
				LD_RUNPATH_SEARCH_PATHS = (
					"$(inherited)",
					"@executable_path/Frameworks",
				);
				MARKETING_VERSION = 1.0;
				PRODUCT_BUNDLE_IDENTIFIER = com.indextrown.TurboNavigatorDemo;
				PRODUCT_NAME = "$(TARGET_NAME)";
				SWIFT_EMIT_LOC_STRINGS = YES;
				SWIFT_VERSION = 5.0;
				TARGETED_DEVICE_FAMILY = "1,2";
			};
			name = Debug;
		};
		DF364EBD2F7950F800E04CC9 /* Release */ = {
			isa = XCBuildConfiguration;
			buildSettings = {
				ASSETCATALOG_COMPILER_APPICON_NAME = AppIcon;
				ASSETCATALOG_COMPILER_GLOBAL_ACCENT_COLOR_NAME = AccentColor;
				CODE_SIGN_STYLE = Automatic;
				CURRENT_PROJECT_VERSION = 1;
				DEVELOPMENT_TEAM = LGX4B4WC66;
				ENABLE_PREVIEWS = YES;
				GENERATE_INFOPLIST_FILE = YES;
				INFOPLIST_KEY_UIApplicationSceneManifest_Generation = YES;
				INFOPLIST_KEY_UIApplicationSupportsIndirectInputEvents = YES;
				INFOPLIST_KEY_UILaunchScreen_Generation = YES;
				INFOPLIST_KEY_UISupportedInterfaceOrientations_iPad = "UIInterfaceOrientationPortrait UIInterfaceOrientationPortraitUpsideDown UIInterfaceOrientationLandscapeLeft UIInterfaceOrientationLandscapeRight";
				INFOPLIST_KEY_UISupportedInterfaceOrientations_iPhone = "UIInterfaceOrientationPortrait UIInterfaceOrientationLandscapeLeft UIInterfaceOrientationLandscapeRight";
				LD_RUNPATH_SEARCH_PATHS = (
					"$(inherited)",
					"@executable_path/Frameworks",
				);
				MARKETING_VERSION = 1.0;
				PRODUCT_BUNDLE_IDENTIFIER = com.indextrown.TurboNavigatorDemo;
				PRODUCT_NAME = "$(TARGET_NAME)";
				SWIFT_EMIT_LOC_STRINGS = YES;
				SWIFT_VERSION = 5.0;
				TARGETED_DEVICE_FAMILY = "1,2";
			};
			name = Release;
		};
		DF364EBF2F7950F800E04CC9 /* Debug */ = {
			isa = XCBuildConfiguration;
			buildSettings = {
				BUNDLE_LOADER = "$(TEST_HOST)";
				CODE_SIGN_STYLE = Automatic;
				CURRENT_PROJECT_VERSION = 1;
				DEVELOPMENT_TEAM = LGX4B4WC66;
				GENERATE_INFOPLIST_FILE = YES;
				IPHONEOS_DEPLOYMENT_TARGET = 18.5;
				MARKETING_VERSION = 1.0;
				PRODUCT_BUNDLE_IDENTIFIER = com.indextrown.TurboNavigatorDemoTests;
				PRODUCT_NAME = "$(TARGET_NAME)";
				SWIFT_EMIT_LOC_STRINGS = NO;
				SWIFT_VERSION = 5.0;
				TARGETED_DEVICE_FAMILY = "1,2";
				TEST_HOST = "$(BUILT_PRODUCTS_DIR)/TurboNavigatorDemo.app/$(BUNDLE_EXECUTABLE_FOLDER_PATH)/TurboNavigatorDemo";
			};
			name = Debug;
		};
		DF364EC02F7950F800E04CC9 /* Release */ = {
			isa = XCBuildConfiguration;
			buildSettings = {
				BUNDLE_LOADER = "$(TEST_HOST)";
				CODE_SIGN_STYLE = Automatic;
				CURRENT_PROJECT_VERSION = 1;
				DEVELOPMENT_TEAM = LGX4B4WC66;
				GENERATE_INFOPLIST_FILE = YES;
				IPHONEOS_DEPLOYMENT_TARGET = 18.5;
				MARKETING_VERSION = 1.0;
				PRODUCT_BUNDLE_IDENTIFIER = com.indextrown.TurboNavigatorDemoTests;
				PRODUCT_NAME = "$(TARGET_NAME)";
				SWIFT_EMIT_LOC_STRINGS = NO;
				SWIFT_VERSION = 5.0;
				TARGETED_DEVICE_FAMILY = "1,2";
				TEST_HOST = "$(BUILT_PRODUCTS_DIR)/TurboNavigatorDemo.app/$(BUNDLE_EXECUTABLE_FOLDER_PATH)/TurboNavigatorDemo";
			};
			name = Release;
		};
		DF364EC22F7950F800E04CC9 /* Debug */ = {
			isa = XCBuildConfiguration;
			buildSettings = {
				CODE_SIGN_STYLE = Automatic;
				CURRENT_PROJECT_VERSION = 1;
				DEVELOPMENT_TEAM = LGX4B4WC66;
				GENERATE_INFOPLIST_FILE = YES;
				MARKETING_VERSION = 1.0;
				PRODUCT_BUNDLE_IDENTIFIER = com.indextrown.TurboNavigatorDemoUITests;
				PRODUCT_NAME = "$(TARGET_NAME)";
				SWIFT_EMIT_LOC_STRINGS = NO;
				SWIFT_VERSION = 5.0;
				TARGETED_DEVICE_FAMILY = "1,2";
				TEST_TARGET_NAME = TurboNavigatorDemo;
			};
			name = Debug;
		};
		DF364EC32F7950F800E04CC9 /* Release */ = {
			isa = XCBuildConfiguration;
			buildSettings = {
				CODE_SIGN_STYLE = Automatic;
				CURRENT_PROJECT_VERSION = 1;
				DEVELOPMENT_TEAM = LGX4B4WC66;
				GENERATE_INFOPLIST_FILE = YES;
				MARKETING_VERSION = 1.0;
				PRODUCT_BUNDLE_IDENTIFIER = com.indextrown.TurboNavigatorDemoUITests;
				PRODUCT_NAME = "$(TARGET_NAME)";
				SWIFT_EMIT_LOC_STRINGS = NO;
				SWIFT_VERSION = 5.0;
				TARGETED_DEVICE_FAMILY = "1,2";
				TEST_TARGET_NAME = TurboNavigatorDemo;
			};
			name = Release;
		};
/* End XCBuildConfiguration section */

/* Begin XCConfigurationList section */
		DF364E952F7950F700E04CC9 /* Build configuration list for PBXProject "TurboNavigatorDemo" */ = {
			isa = XCConfigurationList;
			buildConfigurations = (
				DF364EB92F7950F800E04CC9 /* Debug */,
				DF364EBA2F7950F800E04CC9 /* Release */,
			);
			defaultConfigurationIsVisible = 0;
			defaultConfigurationName = Release;
		};
		DF364EBB2F7950F800E04CC9 /* Build configuration list for PBXNativeTarget "TurboNavigatorDemo" */ = {
			isa = XCConfigurationList;
			buildConfigurations = (
				DF364EBC2F7950F800E04CC9 /* Debug */,
				DF364EBD2F7950F800E04CC9 /* Release */,
			);
			defaultConfigurationIsVisible = 0;
			defaultConfigurationName = Release;
		};
		DF364EBE2F7950F800E04CC9 /* Build configuration list for PBXNativeTarget "TurboNavigatorDemoTests" */ = {
			isa = XCConfigurationList;
			buildConfigurations = (
				DF364EBF2F7950F800E04CC9 /* Debug */,
				DF364EC02F7950F800E04CC9 /* Release */,
			);
			defaultConfigurationIsVisible = 0;
			defaultConfigurationName = Release;
		};
		DF364EC12F7950F800E04CC9 /* Build configuration list for PBXNativeTarget "TurboNavigatorDemoUITests" */ = {
			isa = XCConfigurationList;
			buildConfigurations = (
				DF364EC22F7950F800E04CC9 /* Debug */,
				DF364EC32F7950F800E04CC9 /* Release */,
			);
			defaultConfigurationIsVisible = 0;
			defaultConfigurationName = Release;
		};
/* End XCConfigurationList section */

/* Begin XCLocalSwiftPackageReference section */
		DF364EC42F79510D00E04CC9 /* XCLocalSwiftPackageReference "../../../TurboNavigator" */ = {
			isa = XCLocalSwiftPackageReference;
			relativePath = ../../../TurboNavigator;
		};
/* End XCLocalSwiftPackageReference section */

/* Begin XCRemoteSwiftPackageReference section */
		DF19D7092F797CB10057E916 /* XCRemoteSwiftPackageReference "LinkNavigator" */ = {
			isa = XCRemoteSwiftPackageReference;
			repositoryURL = "https://github.com/forXifLess/LinkNavigator";
			requirement = {
				kind = upToNextMajorVersion;
				minimumVersion = 1.4.2;
			};
		};
/* End XCRemoteSwiftPackageReference section */

/* Begin XCSwiftPackageProductDependency section */
		DF19D70A2F797CB10057E916 /* LinkNavigator */ = {
			isa = XCSwiftPackageProductDependency;
			package = DF19D7092F797CB10057E916 /* XCRemoteSwiftPackageReference "LinkNavigator" */;
			productName = LinkNavigator;
		};
		DF364EC52F79510D00E04CC9 /* TurboNavigator */ = {
			isa = XCSwiftPackageProductDependency;
			productName = TurboNavigator;
		};
/* End XCSwiftPackageProductDependency section */
	};
	rootObject = DF364E922F7950F700E04CC9 /* Project object */;
}
